
Microsoft Visual Studio Solution File, Format Version 12.00
# Visual Studio Version 16
VisualStudioVersion = 16.0.31410.357
MinimumVisualStudioVersion = 10.0.40219.1
Project("{8BC9CEB8-8B4A-11D0-8D11-00A0C91BC942}") = "DataType", "DataType\DataType.vcxproj", "{2BA22A7B-1199-4B02-A8B2-020979181381}"
EndProject
Project("{8BC9CEB8-8B4A-11D0-8D11-00A0C91BC942}") = "Basic", "basic\basic.vcxproj", "{2C410F0F-382C-4C7E-8443-A4E26ABCFAFB}"
EndProject
Project("{8BC9CEB8-8B4A-11D0-8D11-00A0C91BC942}") = "Windows", "Windows\Windows.vcxproj", "{D2A65CAF-A2C3-4717-9FAD-01CA9F2EC1D7}"
EndProject
Project("{8BC9CEB8-8B4A-11D0-8D11-00A0C91BC942}") = "StringCode", "StringCode\StringCode.vcxproj", "{011D5A81-345D-4586-84A9-A4480F227316}"
EndProject
Global
	GlobalSection(SolutionConfigurationPlatforms) = preSolution
		Debug|x64 = Debug|x64
		Debug|x86 = Debug|x86
		Release|x64 = Release|x64
		Release|x86 = Release|x86
	EndGlobalSection
	GlobalSection(ProjectConfigurationPlatforms) = postSolution
		{2BA22A7B-1199-4B02-A8B2-020979181381}.Debug|x64.ActiveCfg = Debug|x64
		{2BA22A7B-1199-4B02-A8B2-020979181381}.Debug|x64.Build.0 = Debug|x64
		{2BA22A7B-1199-4B02-A8B2-020979181381}.Debug|x86.ActiveCfg = Debug|Win32
		{2BA22A7B-1199-4B02-A8B2-020979181381}.Debug|x86.Build.0 = Debug|Win32
		{2BA22A7B-1199-4B02-A8B2-020979181381}.Release|x64.ActiveCfg = Release|x64
		{2BA22A7B-1199-4B02-A8B2-020979181381}.Release|x64.Build.0 = Release|x64
		{2BA22A7B-1199-4B02-A8B2-020979181381}.Release|x86.ActiveCfg = Release|Win32
		{2BA22A7B-1199-4B02-A8B2-020979181381}.Release|x86.Build.0 = Release|Win32
		{2C410F0F-382C-4C7E-8443-A4E26ABCFAFB}.Debug|x64.ActiveCfg = Debug|x64
		{2C410F0F-382C-4C7E-8443-A4E26ABCFAFB}.Debug|x64.Build.0 = Debug|x64
		{2C410F0F-382C-4C7E-8443-A4E26ABCFAFB}.Debug|x86.ActiveCfg = Debug|Win32
		{2C410F0F-382C-4C7E-8443-A4E26ABCFAFB}.Debug|x86.Build.0 = Debug|Win32
		{2C410F0F-382C-4C7E-8443-A4E26ABCFAFB}.Release|x64.ActiveCfg = Release|x64
		{2C410F0F-382C-4C7E-8443-A4E26ABCFAFB}.Release|x64.Build.0 = Release|x64
		{2C410F0F-382C-4C7E-8443-A4E26ABCFAFB}.Release|x86.ActiveCfg = Release|Win32
		{2C410F0F-382C-4C7E-8443-A4E26ABCFAFB}.Release|x86.Build.0 = Release|Win32
		{D2A65CAF-A2C3-4717-9FAD-01CA9F2EC1D7}.Debug|x64.ActiveCfg = Debug|x64
		{D2A65CAF-A2C3-4717-9FAD-01CA9F2EC1D7}.Debug|x64.Build.0 = Debug|x64
		{D2A65CAF-A2C3-4717-9FAD-01CA9F2EC1D7}.Debug|x86.ActiveCfg = Debug|Win32
		{D2A65CAF-A2C3-4717-9FAD-01CA9F2EC1D7}.Debug|x86.Build.0 = Debug|Win32
		{D2A65CAF-A2C3-4717-9FAD-01CA9F2EC1D7}.Release|x64.ActiveCfg = Release|x64
		{D2A65CAF-A2C3-4717-9FAD-01CA9F2EC1D7}.Release|x64.Build.0 = Release|x64
		{D2A65CAF-A2C3-4717-9FAD-01CA9F2EC1D7}.Release|x86.ActiveCfg = Release|Win32
		{D2A65CAF-A2C3-4717-9FAD-01CA9F2EC1D7}.Release|x86.Build.0 = Release|Win32
		{011D5A81-345D-4586-84A9-A4480F227316}.Debug|x64.ActiveCfg = Debug|x64
		{011D5A81-345D-4586-84A9-A4480F227316}.Debug|x64.Build.0 = Debug|x64
		{011D5A81-345D-4586-84A9-A4480F227316}.Debug|x86.ActiveCfg = Debug|Win32
		{011D5A81-345D-4586-84A9-A4480F227316}.Debug|x86.Build.0 = Debug|Win32
		{011D5A81-345D-4586-84A9-A4480F227316}.Release|x64.ActiveCfg = Release|x64
		{011D5A81-345D-4586-84A9-A4480F227316}.Release|x64.Build.0 = Release|x64
		{011D5A81-345D-4586-84A9-A4480F227316}.Release|x86.ActiveCfg = Release|Win32
		{011D5A81-345D-4586-84A9-A4480F227316}.Release|x86.Build.0 = Release|Win32
	EndGlobalSection
	GlobalSection(SolutionProperties) = preSolution
		HideSolutionNode = FALSE
	EndGlobalSection
	GlobalSection(ExtensibilityGlobals) = postSolution
		SolutionGuid = {03257028-DE1C-40B9-96A2-891C908C9846}
	EndGlobalSection
EndGlobal
